
Microsoft Visual Studio Solution File, Format Version 12.00
# Visual Studio 15
VisualStudioVersion = 15.0.28307.572
MinimumVisualStudioVersion = 10.0.40219.1
Project("{9A19103F-16F7-4668-BE54-9A1E7A4F7556}") = "MasterDetailApp", "MasterDetailApp.csproj", "{73FB644A-2BFD-4689-B43C-BBBC5C4EB2F7}"
EndProject
Project("{FAE04EC0-301F-11D3-BF4B-00C04F79EFBC}") = "MasterDetailApp.EF", "..\MasterDetailApp.EF\MasterDetailApp.EF.csproj", "{9998A8C2-3FA4-4942-9103-744D009C3645}"
EndProject
Global
	GlobalSection(SolutionConfigurationPlatforms) = preSolution
		Debug|Any CPU = Debug|Any CPU
		Release|Any CPU = Release|Any CPU
	EndGlobalSection
	GlobalSection(ProjectConfigurationPlatforms) = postSolution
		{73FB644A-2BFD-4689-B43C-BBBC5C4EB2F7}.Debug|Any CPU.ActiveCfg = Debug|Any CPU
		{73FB644A-2BFD-4689-B43C-BBBC5C4EB2F7}.Debug|Any CPU.Build.0 = Debug|Any CPU
		{73FB644A-2BFD-4689-B43C-BBBC5C4EB2F7}.Release|Any CPU.ActiveCfg = Release|Any CPU
		{73FB644A-2BFD-4689-B43C-BBBC5C4EB2F7}.Release|Any CPU.Build.0 = Release|Any CPU
		{9998A8C2-3FA4-4942-9103-744D009C3645}.Debug|Any CPU.ActiveCfg = Debug|Any CPU
		{9998A8C2-3FA4-4942-9103-744D009C3645}.Debug|Any CPU.Build.0 = Debug|Any CPU
		{9998A8C2-3FA4-4942-9103-744D009C3645}.Release|Any CPU.ActiveCfg = Release|Any CPU
		{9998A8C2-3FA4-4942-9103-744D009C3645}.Release|Any CPU.Build.0 = Release|Any CPU
	EndGlobalSection
	GlobalSection(SolutionProperties) = preSolution
		HideSolutionNode = FALSE
	EndGlobalSection
	GlobalSection(ExtensibilityGlobals) = postSolution
		SolutionGuid = {14AA6693-B00C-4CBC-A2CA-233FFC8E330C}
	EndGlobalSection
EndGlobal
